# THIS IS AN AUTOGENERATED FILE. DO NOT EDIT THIS FILE DIRECTLY.
# yarn lockfile v1


atoa@1.0.0:
  version "1.0.0"
  resolved "https://registry.yarnpkg.com/atoa/-/atoa-1.0.0.tgz#0cc0e91a480e738f923ebc103676471779b34a49"

barba.js@^1.0.0:
  version "1.0.0"
  resolved "https://registry.yarnpkg.com/barba.js/-/barba.js-1.0.0.tgz#3c1d7358f0d3f87719cb1bdb775be417c9273f7d"

breakpoint-sass@^2.7.1:
  version "2.7.1"
  resolved "https://registry.yarnpkg.com/breakpoint-sass/-/breakpoint-sass-2.7.1.tgz#8ef6c4744dcc25ba83d969b6c9a17e5daa29980a"

contra@1.9.4:
  version "1.9.4"
  resolved "https://registry.yarnpkg.com/contra/-/contra-1.9.4.tgz#f53bde42d7e5b5985cae4d99a8d610526de8f28d"
  dependencies:
    atoa "1.0.0"
    ticky "1.0.1"

crossvent@1.5.4:
  version "1.5.4"
  resolved "https://registry.yarnpkg.com/crossvent/-/crossvent-1.5.4.tgz#da2c4f8f40c94782517bf2beec1044148194ab92"
  dependencies:
    custom-event "1.0.0"

custom-event@1.0.0:
  version "1.0.0"
  resolved "https://registry.yarnpkg.com/custom-event/-/custom-event-1.0.0.tgz#2e4628be19dc4b214b5c02630c5971e811618062"

dragula@^3.7.2:
  version "3.7.2"
  resolved "https://registry.yarnpkg.com/dragula/-/dragula-3.7.2.tgz#4a35c9d3981ffac1a949c29ca7285058e87393ce"
  dependencies:
    contra "1.9.4"
    crossvent "1.5.4"

dropzone@^5.1.1:
  version "5.1.1"
  resolved "https://registry.yarnpkg.com/dropzone/-/dropzone-5.1.1.tgz#9f5b02fc4aa84e6466e046ba770bc82776ea49de"

jquery@^3.2.1:
  version "3.2.1"
  resolved "https://registry.yarnpkg.com/jquery/-/jquery-3.2.1.tgz#5c4d9de652af6cd0a770154a631bba12b015c787"

reset-scss@^1.0.0:
  version "1.0.0"
  resolved "https://registry.yarnpkg.com/reset-scss/-/reset-scss-1.0.0.tgz#7916042cc5a8bcffe68c9097232ba1195a8f8be9"

swiper@^3.4.2:
  version "3.4.2"
  resolved "https://registry.yarnpkg.com/swiper/-/swiper-3.4.2.tgz#39d6b410b1a39833e1f72d3b72999df5f5e38392"

ticky@1.0.1:
  version "1.0.1"
  resolved "https://registry.yarnpkg.com/ticky/-/ticky-1.0.1.tgz#b7cfa71e768f1c9000c497b9151b30947c50e46d"

vivus@^0.4.1:
  version "0.4.1"
  resolved "https://registry.yarnpkg.com/vivus/-/vivus-0.4.1.tgz#adee803aa6d00746abd8cbf5c851460947e4b79c"
